// !$*UTF8*$!
{
	archiveVersion = 1;
	classes = {
	};
	objectVersion = 46;
	objects = {

/* Begin PBXBuildFile section */
		F2F9FE5C1E8EB13500B369AF /* AppDelegate.swift in Sources */ = {isa = PBXBuildFile; fileRef = F2F9FE5B1E8EB13500B369AF /* AppDelegate.swift */; };
		F2F9FE5E1E8EB13500B369AF /* GameScene.sks in Resources */ = {isa = PBXBuildFile; fileRef = F2F9FE5D1E8EB13500B369AF /* GameScene.sks */; };
		F2F9FE601E8EB13500B369AF /* Actions.sks in Resources */ = {isa = PBXBuildFile; fileRef = F2F9FE5F1E8EB13500B369AF /* Actions.sks */; };
		F2F9FE621E8EB13500B369AF /* GameScene.swift in Sources */ = {isa = PBXBuildFile; fileRef = F2F9FE611E8EB13500B369AF /* GameScene.swift */; };
		F2F9FE641E8EB13500B369AF /* GameViewController.swift in Sources */ = {isa = PBXBuildFile; fileRef = F2F9FE631E8EB13500B369AF /* GameViewController.swift */; };
		F2F9FE671E8EB13500B369AF /* Main.storyboard in Resources */ = {isa = PBXBuildFile; fileRef = F2F9FE651E8EB13500B369AF /* Main.storyboard */; };
		F2F9FE691E8EB13500B369AF /* Assets.xcassets in Resources */ = {isa = PBXBuildFile; fileRef = F2F9FE681E8EB13500B369AF /* Assets.xcassets */; };
		F2F9FE6C1E8EB13500B369AF /* LaunchScreen.storyboard in Resources */ = {isa = PBXBuildFile; fileRef = F2F9FE6A1E8EB13500B369AF /* LaunchScreen.storyboard */; };
/* End PBXBuildFile section */

/* Begin PBXFileReference section */
		F2F9FE581E8EB13500B369AF /* GentleSlot.app */ = {isa = PBXFileReference; explicitFileType = wrapper.application; includeInIndex = 0; path = GentleSlot.app; sourceTree = BUILT_PRODUCTS_DIR; };
		F2F9FE5B1E8EB13500B369AF /* AppDelegate.swift */ = {isa = PBXFileReference; lastKnownFileType = sourcecode.swift; path = AppDelegate.swift; sourceTree = "<group>"; };
		F2F9FE5D1E8EB13500B369AF /* GameScene.sks */ = {isa = PBXFileReference; lastKnownFileType = file.sks; path = GameScene.sks; sourceTree = "<group>"; };
		F2F9FE5F1E8EB13500B369AF /* Actions.sks */ = {isa = PBXFileReference; lastKnownFileType = file.sks; path = Actions.sks; sourceTree = "<group>"; };
		F2F9FE611E8EB13500B369AF /* GameScene.swift */ = {isa = PBXFileReference; lastKnownFileType = sourcecode.swift; path = GameScene.swift; sourceTree = "<group>"; };
		F2F9FE631E8EB13500B369AF /* GameViewController.swift */ = {isa = PBXFileReference; lastKnownFileType = sourcecode.swift; path = GameViewController.swift; sourceTree = "<group>"; };
		F2F9FE661E8EB13500B369AF /* Base */ = {isa = PBXFileReference; lastKnownFileType = file.storyboard; name = Base; path = Base.lproj/Main.storyboard; sourceTree = "<group>"; };
		F2F9FE681E8EB13500B369AF /* Assets.xcassets */ = {isa = PBXFileReference; lastKnownFileType = folder.assetcatalog; path = Assets.xcassets; sourceTree = "<group>"; };
		F2F9FE6B1E8EB13500B369AF /* Base */ = {isa = PBXFileReference; lastKnownFileType = file.storyboard; name = Base; path = Base.lproj/LaunchScreen.storyboard; sourceTree = "<group>"; };
		F2F9FE6D1E8EB13500B369AF /* Info.plist */ = {isa = PBXFileReference; lastKnownFileType = text.plist.xml; path = Info.plist; sourceTree = "<group>"; };
/* End PBXFileReference section */

/* Begin PBXFrameworksBuildPhase section */
		F2F9FE551E8EB13500B369AF /* Frameworks */ = {
			isa = PBXFrameworksBuildPhase;
			buildActionMask = 2147483647;
			files = (
			);
			runOnlyForDeploymentPostprocessing = 0;
		};
/* End PBXFrameworksBuildPhase section */

/* Begin PBXGroup section */
		F2F9FE4F1E8EB13400B369AF = {
			isa = PBXGroup;
			children = (
				F2F9FE5A1E8EB13500B369AF /* GentleSlot */,
				F2F9FE591E8EB13500B369AF /* Products */,
			);
			sourceTree = "<group>";
		};
		F2F9FE591E8EB13500B369AF /* Products */ = {
			isa = PBXGroup;
			children = (
				F2F9FE581E8EB13500B369AF /* GentleSlot.app */,
			);
			name = Products;
			sourceTree = "<group>";
		};
		F2F9FE5A1E8EB13500B369AF /* GentleSlot */ = {
			isa = PBXGroup;
			children = (
				F2F9FE5B1E8EB13500B369AF /* AppDelegate.swift */,
				F2F9FE5D1E8EB13500B369AF /* GameScene.sks */,
				F2F9FE5F1E8EB13500B369AF /* Actions.sks */,
				F2F9FE611E8EB13500B369AF /* GameScene.swift */,
				F2F9FE631E8EB13500B369AF /* GameViewController.swift */,
				F2F9FE651E8EB13500B369AF /* Main.storyboard */,
				F2F9FE681E8EB13500B369AF /* Assets.xcassets */,
				F2F9FE6A1E8EB13500B369AF /* LaunchScreen.storyboard */,
				F2F9FE6D1E8EB13500B369AF /* Info.plist */,
			);
			path = GentleSlot;
			sourceTree = "<group>";
		};
/* End PBXGroup section */

/* Begin PBXNativeTarget section */
		F2F9FE571E8EB13500B369AF /* GentleSlot */ = {
			isa = PBXNativeTarget;
			buildConfigurationList = F2F9FE701E8EB13500B369AF /* Build configuration list for PBXNativeTarget "GentleSlot" */;
			buildPhases = (
				F2F9FE541E8EB13500B369AF /* Sources */,
				F2F9FE551E8EB13500B369AF /* Frameworks */,
				F2F9FE561E8EB13500B369AF /* Resources */,
			);
			buildRules = (
			);
			dependencies = (
			);
			name = GentleSlot;
			productName = GentleSlot;
			productReference = F2F9FE581E8EB13500B369AF /* GentleSlot.app */;
			productType = "com.apple.product-type.application";
		};
/* End PBXNativeTarget section */

/* Begin PBXProject section */
		F2F9FE501E8EB13400B369AF /* Project object */ = {
			isa = PBXProject;
			attributes = {
				LastSwiftUpdateCheck = 0830;
				LastUpgradeCheck = 0830;
				ORGANIZATIONNAME = "Serhii Pianykh";
				TargetAttributes = {
					F2F9FE571E8EB13500B369AF = {
						CreatedOnToolsVersion = 8.3;
						DevelopmentTeam = 84X6W8F486;
						ProvisioningStyle = Automatic;
					};
				};
			};
			buildConfigurationList = F2F9FE531E8EB13400B369AF /* Build configuration list for PBXProject "GentleSlot" */;
			compatibilityVersion = "Xcode 3.2";
			developmentRegion = English;
			hasScannedForEncodings = 0;
			knownRegions = (
				en,
				Base,
			);
			mainGroup = F2F9FE4F1E8EB13400B369AF;
			productRefGroup = F2F9FE591E8EB13500B369AF /* Products */;
			projectDirPath = "";
			projectRoot = "";
			targets = (
				F2F9FE571E8EB13500B369AF /* GentleSlot */,
			);
		};
/* End PBXProject section */

/* Begin PBXResourcesBuildPhase section */
		F2F9FE561E8EB13500B369AF /* Resources */ = {
			isa = PBXResourcesBuildPhase;
			buildActionMask = 2147483647;
			files = (
				F2F9FE671E8EB13500B369AF /* Main.storyboard in Resources */,
				F2F9FE5E1E8EB13500B369AF /* GameScene.sks in Resources */,
				F2F9FE691E8EB13500B369AF /* Assets.xcassets in Resources */,
				F2F9FE6C1E8EB13500B369AF /* LaunchScreen.storyboard in Resources */,
				F2F9FE601E8EB13500B369AF /* Actions.sks in Resources */,
			);
			runOnlyForDeploymentPostprocessing = 0;
		};
/* End PBXResourcesBuildPhase section */

/* Begin PBXSourcesBuildPhase section */
		F2F9FE541E8EB13500B369AF /* Sources */ = {
			isa = PBXSourcesBuildPhase;
			buildActionMask = 2147483647;
			files = (
				F2F9FE621E8EB13500B369AF /* GameScene.swift in Sources */,
				F2F9FE641E8EB13500B369AF /* GameViewController.swift in Sources */,
				F2F9FE5C1E8EB13500B369AF /* AppDelegate.swift in Sources */,
			);
			runOnlyForDeploymentPostprocessing = 0;
		};
/* End PBXSourcesBuildPhase section */

/* Begin PBXVariantGroup section */
		F2F9FE651E8EB13500B369AF /* Main.storyboard */ = {
			isa = PBXVariantGroup;
			children = (
				F2F9FE661E8EB13500B369AF /* Base */,
			);
			name = Main.storyboard;
			sourceTree = "<group>";
		};
		F2F9FE6A1E8EB13500B369AF /* LaunchScreen.storyboard */ = {
			isa = PBXVariantGroup;
			children = (
				F2F9FE6B1E8EB13500B369AF /* Base */,
			);
			name = LaunchScreen.storyboard;
			sourceTree = "<group>";
		};
/* End PBXVariantGroup section */

/* Begin XCBuildConfiguration section */
		F2F9FE6E1E8EB13500B369AF /* Debug */ = {
			isa = XCBuildConfiguration;
			buildSettings = {
				ALWAYS_SEARCH_USER_PATHS = NO;
				CLANG_ANALYZER_NONNULL = YES;
				CLANG_ANALYZER_NUMBER_OBJECT_CONVERSION = YES_AGGRESSIVE;
				CLANG_CXX_LANGUAGE_STANDARD = "gnu++0x";
				CLANG_CXX_LIBRARY = "libc++";
				CLANG_ENABLE_MODULES = YES;
				CLANG_ENABLE_OBJC_ARC = YES;
				CLANG_WARN_BOOL_CONVERSION = YES;
				CLANG_WARN_CONSTANT_CONVERSION = YES;
				CLANG_WARN_DIRECT_OBJC_ISA_USAGE = YES_ERROR;
				CLANG_WARN_DOCUMENTATION_COMMENTS = YES;
				CLANG_WARN_EMPTY_BODY = YES;
				CLANG_WARN_ENUM_CONVERSION = YES;
				CLANG_WARN_INFINITE_RECURSION = YES;
				CLANG_WARN_INT_CONVERSION = YES;
				CLANG_WARN_OBJC_ROOT_CLASS = YES_ERROR;
				CLANG_WARN_SUSPICIOUS_MOVE = YES;
				CLANG_WARN_UNREACHABLE_CODE = YES;
				CLANG_WARN__DUPLICATE_METHOD_MATCH = YES;
				"CODE_SIGN_IDENTITY[sdk=iphoneos*]" = "iPhone Developer";
				COPY_PHASE_STRIP = NO;
				DEBUG_INFORMATION_FORMAT = dwarf;
				ENABLE_STRICT_OBJC_MSGSEND = YES;
				ENABLE_TESTABILITY = YES;
				GCC_C_LANGUAGE_STANDARD = gnu99;
				GCC_DYNAMIC_NO_PIC = NO;
				GCC_NO_COMMON_BLOCKS = YES;
				GCC_OPTIMIZATION_LEVEL = 0;
				GCC_PREPROCESSOR_DEFINITIONS = (
					"DEBUG=1",
					"$(inherited)",
				);
				GCC_WARN_64_TO_32_BIT_CONVERSION = YES;
				GCC_WARN_ABOUT_RETURN_TYPE = YES_ERROR;
				GCC_WARN_UNDECLARED_SELECTOR = YES;
				GCC_WARN_UNINITIALIZED_AUTOS = YES_AGGRESSIVE;
				GCC_WARN_UNUSED_FUNCTION = YES;
				GCC_WARN_UNUSED_VARIABLE = YES;
				IPHONEOS_DEPLOYMENT_TARGET = 10.3;
				MTL_ENABLE_DEBUG_INFO = YES;
				ONLY_ACTIVE_ARCH = YES;
				SDKROOT = iphoneos;
				SWIFT_ACTIVE_COMPILATION_CONDITIONS = DEBUG;
				SWIFT_OPTIMIZATION_LEVEL = "-Onone";
				TARGETED_DEVICE_FAMILY = "1,2";
			};
			name = Debug;
		};
		F2F9FE6F1E8EB13500B369AF /* Release */ = {
			isa = XCBuildConfiguration;
			buildSettings = {
				ALWAYS_SEARCH_USER_PATHS = NO;
				CLANG_ANALYZER_NONNULL = YES;
				CLANG_ANALYZER_NUMBER_OBJECT_CONVERSION = YES_AGGRESSIVE;
				CLANG_CXX_LANGUAGE_STANDARD = "gnu++0x";
				CLANG_CXX_LIBRARY = "libc++";
				CLANG_ENABLE_MODULES = YES;
				CLANG_ENABLE_OBJC_ARC = YES;
				CLANG_WARN_BOOL_CONVERSION = YES;
				CLANG_WARN_CONSTANT_CONVERSION = YES;
				CLANG_WARN_DIRECT_OBJC_ISA_USAGE = YES_ERROR;
				CLANG_WARN_DOCUMENTATION_COMMENTS = YES;
				CLANG_WARN_EMPTY_BODY = YES;
				CLANG_WARN_ENUM_CONVERSION = YES;
				CLANG_WARN_INFINITE_RECURSION = YES;
				CLANG_WARN_INT_CONVERSION = YES;
				CLANG_WARN_OBJC_ROOT_CLASS = YES_ERROR;
				CLANG_WARN_SUSPICIOUS_MOVE = YES;
				CLANG_WARN_UNREACHABLE_CODE = YES;
				CLANG_WARN__DUPLICATE_METHOD_MATCH = YES;
				"CODE_SIGN_IDENTITY[sdk=iphoneos*]" = "iPhone Developer";
				COPY_PHASE_STRIP = NO;
				DEBUG_INFORMATION_FORMAT = "dwarf-with-dsym";
				ENABLE_NS_ASSERTIONS = NO;
				ENABLE_STRICT_OBJC_MSGSEND = YES;
				GCC_C_LANGUAGE_STANDARD = gnu99;
				GCC_NO_COMMON_BLOCKS = YES;
				GCC_WARN_64_TO_32_BIT_CONVERSION = YES;
				GCC_WARN_ABOUT_RETURN_TYPE = YES_ERROR;
				GCC_WARN_UNDECLARED_SELECTOR = YES;
				GCC_WARN_UNINITIALIZED_AUTOS = YES_AGGRESSIVE;
				GCC_WARN_UNUSED_FUNCTION = YES;
				GCC_WARN_UNUSED_VARIABLE = YES;
				IPHONEOS_DEPLOYMENT_TARGET = 10.3;
				MTL_ENABLE_DEBUG_INFO = NO;
				SDKROOT = iphoneos;
				SWIFT_OPTIMIZATION_LEVEL = "-Owholemodule";
				TARGETED_DEVICE_FAMILY = "1,2";
				VALIDATE_PRODUCT = YES;
			};
			name = Release;
		};
		F2F9FE711E8EB13500B369AF /* Debug */ = {
			isa = XCBuildConfiguration;
			buildSettings = {
				ASSETCATALOG_COMPILER_APPICON_NAME = AppIcon;
				DEVELOPMENT_TEAM = 84X6W8F486;
				INFOPLIST_FILE = GentleSlot/Info.plist;
				IPHONEOS_DEPLOYMENT_TARGET = 10.3;
				LD_RUNPATH_SEARCH_PATHS = "$(inherited) @executable_path/Frameworks";
				PRODUCT_BUNDLE_IDENTIFIER = com.serhiipianykh.GentleSlot;
				PRODUCT_NAME = "$(TARGET_NAME)";
				SWIFT_VERSION = 3.0;
			};
			name = Debug;
		};
		F2F9FE721E8EB13500B369AF /* Release */ = {
			isa = XCBuildConfiguration;
			buildSettings = {
				ASSETCATALOG_COMPILER_APPICON_NAME = AppIcon;
				DEVELOPMENT_TEAM = 84X6W8F486;
				INFOPLIST_FILE = GentleSlot/Info.plist;
				IPHONEOS_DEPLOYMENT_TARGET = 10.3;
				LD_RUNPATH_SEARCH_PATHS = "$(inherited) @executable_path/Frameworks";
				PRODUCT_BUNDLE_IDENTIFIER = com.serhiipianykh.GentleSlot;
				PRODUCT_NAME = "$(TARGET_NAME)";
				SWIFT_VERSION = 3.0;
			};
			name = Release;
		};
/* End XCBuildConfiguration section */

/* Begin XCConfigurationList section */
		F2F9FE531E8EB13400B369AF /* Build configuration list for PBXProject "GentleSlot" */ = {
			isa = XCConfigurationList;
			buildConfigurations = (
				F2F9FE6E1E8EB13500B369AF /* Debug */,
				F2F9FE6F1E8EB13500B369AF /* Release */,
			);
			defaultConfigurationIsVisible = 0;
			defaultConfigurationName = Release;
		};
		F2F9FE701E8EB13500B369AF /* Build configuration list for PBXNativeTarget "GentleSlot" */ = {
			isa = XCConfigurationList;
			buildConfigurations = (
				F2F9FE711E8EB13500B369AF /* Debug */,
				F2F9FE721E8EB13500B369AF /* Release */,
			);
			defaultConfigurationIsVisible = 0;
		};
/* End XCConfigurationList section */
	};
	rootObject = F2F9FE501E8EB13400B369AF /* Project object */;
}
